// !$*UTF8*$!
{
	archiveVersion = 1;
	classes = {
	};
	objectVersion = 50;
	objects = {

/* Begin PBXBuildFile section */
		25C463B7FB63101A00C831BC /* Pods_PokeRadar.framework in Frameworks */ = {isa = PBXBuildFile; fileRef = 86389AF9080E447DDD686EEA /* Pods_PokeRadar.framework */; };
		360E9A4921BED63800FCA120 /* GeoFire in Resources */ = {isa = PBXBuildFile; fileRef = 360E9A4821BED63800FCA120 /* GeoFire */; };
		3647029F21C1207F00A7A242 /* PokemonAnnotation.swift in Sources */ = {isa = PBXBuildFile; fileRef = 3647029E21C1207F00A7A242 /* PokemonAnnotation.swift */; };
		364A362321C00C1F00C7BAE0 /* Pokemon.swift in Sources */ = {isa = PBXBuildFile; fileRef = 364A362221C00C1F00C7BAE0 /* Pokemon.swift */; };
		364A362521C01A8000C7BAE0 /* PokemonFactory.swift in Sources */ = {isa = PBXBuildFile; fileRef = 364A362421C01A8000C7BAE0 /* PokemonFactory.swift */; };
		364B44C821C277FA0042386C /* PokedexCollectionViewController.swift in Sources */ = {isa = PBXBuildFile; fileRef = 364B44C721C277FA0042386C /* PokedexCollectionViewController.swift */; };
		364B44CA21C279410042386C /* PokemonCollectionViewCell.swift in Sources */ = {isa = PBXBuildFile; fileRef = 364B44C921C279410042386C /* PokemonCollectionViewCell.swift */; };
		36DE7326218B5EDB0029108E /* AppDelegate.swift in Sources */ = {isa = PBXBuildFile; fileRef = 36DE7325218B5EDB0029108E /* AppDelegate.swift */; };
		36DE7328218B5EDB0029108E /* ViewController.swift in Sources */ = {isa = PBXBuildFile; fileRef = 36DE7327218B5EDB0029108E /* ViewController.swift */; };
		36DE732B218B5EDB0029108E /* Main.storyboard in Resources */ = {isa = PBXBuildFile; fileRef = 36DE7329218B5EDB0029108E /* Main.storyboard */; };
		36DE732D218B5EDD0029108E /* Assets.xcassets in Resources */ = {isa = PBXBuildFile; fileRef = 36DE732C218B5EDD0029108E /* Assets.xcassets */; };
		36DE7330218B5EDD0029108E /* LaunchScreen.storyboard in Resources */ = {isa = PBXBuildFile; fileRef = 36DE732E218B5EDD0029108E /* LaunchScreen.storyboard */; };
		36DE7338218B5F880029108E /* pokemon.csv in Resources */ = {isa = PBXBuildFile; fileRef = 36DE7337218B5F880029108E /* pokemon.csv */; };
		36DE733A218B72320029108E /* GoogleService-Info.plist in Resources */ = {isa = PBXBuildFile; fileRef = 36DE7339218B72320029108E /* GoogleService-Info.plist */; };
/* End PBXBuildFile section */

/* Begin PBXFileReference section */
		360E9A4821BED63800FCA120 /* GeoFire */ = {isa = PBXFileReference; lastKnownFileType = folder; path = GeoFire; sourceTree = "<group>"; };
		3647029E21C1207F00A7A242 /* PokemonAnnotation.swift */ = {isa = PBXFileReference; lastKnownFileType = sourcecode.swift; path = PokemonAnnotation.swift; sourceTree = "<group>"; };
		364A362221C00C1F00C7BAE0 /* Pokemon.swift */ = {isa = PBXFileReference; lastKnownFileType = sourcecode.swift; path = Pokemon.swift; sourceTree = "<group>"; };
		364A362421C01A8000C7BAE0 /* PokemonFactory.swift */ = {isa = PBXFileReference; lastKnownFileType = sourcecode.swift; path = PokemonFactory.swift; sourceTree = "<group>"; };
		364B44C721C277FA0042386C /* PokedexCollectionViewController.swift */ = {isa = PBXFileReference; lastKnownFileType = sourcecode.swift; path = PokedexCollectionViewController.swift; sourceTree = "<group>"; };
		364B44C921C279410042386C /* PokemonCollectionViewCell.swift */ = {isa = PBXFileReference; lastKnownFileType = sourcecode.swift; path = PokemonCollectionViewCell.swift; sourceTree = "<group>"; };
		36DE7322218B5EDB0029108E /* PokeRadar.app */ = {isa = PBXFileReference; explicitFileType = wrapper.application; includeInIndex = 0; path = PokeRadar.app; sourceTree = BUILT_PRODUCTS_DIR; };
		36DE7325218B5EDB0029108E /* AppDelegate.swift */ = {isa = PBXFileReference; lastKnownFileType = sourcecode.swift; path = AppDelegate.swift; sourceTree = "<group>"; };
		36DE7327218B5EDB0029108E /* ViewController.swift */ = {isa = PBXFileReference; lastKnownFileType = sourcecode.swift; path = ViewController.swift; sourceTree = "<group>"; };
		36DE732A218B5EDB0029108E /* Base */ = {isa = PBXFileReference; lastKnownFileType = file.storyboard; name = Base; path = Base.lproj/Main.storyboard; sourceTree = "<group>"; };
		36DE732C218B5EDD0029108E /* Assets.xcassets */ = {isa = PBXFileReference; lastKnownFileType = folder.assetcatalog; path = Assets.xcassets; sourceTree = "<group>"; };
		36DE732F218B5EDD0029108E /* Base */ = {isa = PBXFileReference; lastKnownFileType = file.storyboard; name = Base; path = Base.lproj/LaunchScreen.storyboard; sourceTree = "<group>"; };
		36DE7331218B5EDD0029108E /* Info.plist */ = {isa = PBXFileReference; lastKnownFileType = text.plist.xml; path = Info.plist; sourceTree = "<group>"; };
		36DE7337218B5F880029108E /* pokemon.csv */ = {isa = PBXFileReference; fileEncoding = 4; lastKnownFileType = text; path = pokemon.csv; sourceTree = "<group>"; };
		36DE7339218B72320029108E /* GoogleService-Info.plist */ = {isa = PBXFileReference; fileEncoding = 4; lastKnownFileType = text.plist.xml; path = "GoogleService-Info.plist"; sourceTree = "<group>"; };
		585201C116A0B62488BB1522 /* Pods-PokeRadar.debug.xcconfig */ = {isa = PBXFileReference; includeInIndex = 1; lastKnownFileType = text.xcconfig; name = "Pods-PokeRadar.debug.xcconfig"; path = "Pods/Target Support Files/Pods-PokeRadar/Pods-PokeRadar.debug.xcconfig"; sourceTree = "<group>"; };
		86389AF9080E447DDD686EEA /* Pods_PokeRadar.framework */ = {isa = PBXFileReference; explicitFileType = wrapper.framework; includeInIndex = 0; path = Pods_PokeRadar.framework; sourceTree = BUILT_PRODUCTS_DIR; };
		DD84BDFD5EA2B486963851E4 /* Pods-PokeRadar.release.xcconfig */ = {isa = PBXFileReference; includeInIndex = 1; lastKnownFileType = text.xcconfig; name = "Pods-PokeRadar.release.xcconfig"; path = "Pods/Target Support Files/Pods-PokeRadar/Pods-PokeRadar.release.xcconfig"; sourceTree = "<group>"; };
/* End PBXFileReference section */

/* Begin PBXFrameworksBuildPhase section */
		36DE731F218B5EDB0029108E /* Frameworks */ = {
			isa = PBXFrameworksBuildPhase;
			buildActionMask = 2147483647;
			files = (
				25C463B7FB63101A00C831BC /* Pods_PokeRadar.framework in Frameworks */,
			);
			runOnlyForDeploymentPostprocessing = 0;
		};
/* End PBXFrameworksBuildPhase section */

/* Begin PBXGroup section */
		038E44A369C98EBDC296490E /* Pods */ = {
			isa = PBXGroup;
			children = (
				585201C116A0B62488BB1522 /* Pods-PokeRadar.debug.xcconfig */,
				DD84BDFD5EA2B486963851E4 /* Pods-PokeRadar.release.xcconfig */,
			);
			name = Pods;
			sourceTree = "<group>";
		};
		1B094C97FD959DCC6043839A /* Frameworks */ = {
			isa = PBXGroup;
			children = (
				86389AF9080E447DDD686EEA /* Pods_PokeRadar.framework */,
			);
			name = Frameworks;
			sourceTree = "<group>";
		};
		364A362621C01A9E00C7BAE0 /* Model */ = {
			isa = PBXGroup;
			children = (
				3647029E21C1207F00A7A242 /* PokemonAnnotation.swift */,
				364A362221C00C1F00C7BAE0 /* Pokemon.swift */,
			);
			path = Model;
			sourceTree = "<group>";
		};
		364A362721C01AAD00C7BAE0 /* Controller */ = {
			isa = PBXGroup;
			children = (
				364B44C921C279410042386C /* PokemonCollectionViewCell.swift */,
				364B44C721C277FA0042386C /* PokedexCollectionViewController.swift */,
				36DE7327218B5EDB0029108E /* ViewController.swift */,
			);
			path = Controller;
			sourceTree = "<group>";
		};
		36DE7319218B5EDB0029108E = {
			isa = PBXGroup;
			children = (
				36DE7324218B5EDB0029108E /* PokeRadar */,
				36DE7323218B5EDB0029108E /* Products */,
				038E44A369C98EBDC296490E /* Pods */,
				1B094C97FD959DCC6043839A /* Frameworks */,
			);
			sourceTree = "<group>";
		};
		36DE7323218B5EDB0029108E /* Products */ = {
			isa = PBXGroup;
			children = (
				36DE7322218B5EDB0029108E /* PokeRadar.app */,
			);
			name = Products;
			sourceTree = "<group>";
		};
		36DE7324218B5EDB0029108E /* PokeRadar */ = {
			isa = PBXGroup;
			children = (
				364A362721C01AAD00C7BAE0 /* Controller */,
				364A362621C01A9E00C7BAE0 /* Model */,
				360E9A4821BED63800FCA120 /* GeoFire */,
				36DE7337218B5F880029108E /* pokemon.csv */,
				36DE7339218B72320029108E /* GoogleService-Info.plist */,
				36DE7325218B5EDB0029108E /* AppDelegate.swift */,
				364A362421C01A8000C7BAE0 /* PokemonFactory.swift */,
				36DE7329218B5EDB0029108E /* Main.storyboard */,
				36DE732C218B5EDD0029108E /* Assets.xcassets */,
				36DE732E218B5EDD0029108E /* LaunchScreen.storyboard */,
				36DE7331218B5EDD0029108E /* Info.plist */,
			);
			path = PokeRadar;
			sourceTree = "<group>";
		};
/* End PBXGroup section */

/* Begin PBXNativeTarget section */
		36DE7321218B5EDB0029108E /* PokeRadar */ = {
			isa = PBXNativeTarget;
			buildConfigurationList = 36DE7334218B5EDD0029108E /* Build configuration list for PBXNativeTarget "PokeRadar" */;
			buildPhases = (
				911722886F6556DA6BC478CC /* [CP] Check Pods Manifest.lock */,
				36DE731E218B5EDB0029108E /* Sources */,
				36DE731F218B5EDB0029108E /* Frameworks */,
				36DE7320218B5EDB0029108E /* Resources */,
				C863BB16232E6E7D814EB124 /* [CP] Embed Pods Frameworks */,
			);
			buildRules = (
			);
			dependencies = (
			);
			name = PokeRadar;
			productName = PokeRadar;
			productReference = 36DE7322218B5EDB0029108E /* PokeRadar.app */;
			productType = "com.apple.product-type.application";
		};
/* End PBXNativeTarget section */

/* Begin PBXProject section */
		36DE731A218B5EDB0029108E /* Project object */ = {
			isa = PBXProject;
			attributes = {
				LastSwiftUpdateCheck = 1000;
				LastUpgradeCheck = 1000;
				ORGANIZATIONNAME = "Cristian Sedano Arenas";
				TargetAttributes = {
					36DE7321218B5EDB0029108E = {
						CreatedOnToolsVersion = 10.0;
					};
				};
			};
			buildConfigurationList = 36DE731D218B5EDB0029108E /* Build configuration list for PBXProject "PokeRadar" */;
			compatibilityVersion = "Xcode 9.3";
			developmentRegion = en;
			hasScannedForEncodings = 0;
			knownRegions = (
				en,
				Base,
			);
			mainGroup = 36DE7319218B5EDB0029108E;
			productRefGroup = 36DE7323218B5EDB0029108E /* Products */;
			projectDirPath = "";
			projectRoot = "";
			targets = (
				36DE7321218B5EDB0029108E /* PokeRadar */,
			);
		};
/* End PBXProject section */

/* Begin PBXResourcesBuildPhase section */
		36DE7320218B5EDB0029108E /* Resources */ = {
			isa = PBXResourcesBuildPhase;
			buildActionMask = 2147483647;
			files = (
				360E9A4921BED63800FCA120 /* GeoFire in Resources */,
				36DE7330218B5EDD0029108E /* LaunchScreen.storyboard in Resources */,
				36DE7338218B5F880029108E /* pokemon.csv in Resources */,
				36DE733A218B72320029108E /* GoogleService-Info.plist in Resources */,
				36DE732D218B5EDD0029108E /* Assets.xcassets in Resources */,
				36DE732B218B5EDB0029108E /* Main.storyboard in Resources */,
			);
			runOnlyForDeploymentPostprocessing = 0;
		};
/* End PBXResourcesBuildPhase section */

/* Begin PBXShellScriptBuildPhase section */
		911722886F6556DA6BC478CC /* [CP] Check Pods Manifest.lock */ = {
			isa = PBXShellScriptBuildPhase;
			buildActionMask = 2147483647;
			files = (
			);
			inputPaths = (
				"${PODS_PODFILE_DIR_PATH}/Podfile.lock",
				"${PODS_ROOT}/Manifest.lock",
			);
			name = "[CP] Check Pods Manifest.lock";
			outputPaths = (
				"$(DERIVED_FILE_DIR)/Pods-PokeRadar-checkManifestLockResult.txt",
			);
			runOnlyForDeploymentPostprocessing = 0;
			shellPath = /bin/sh;
			shellScript = "diff \"${PODS_PODFILE_DIR_PATH}/Podfile.lock\" \"${PODS_ROOT}/Manifest.lock\" > /dev/null\nif [ $? != 0 ] ; then\n    # print error to STDERR\n    echo \"error: The sandbox is not in sync with the Podfile.lock. Run 'pod install' or update your CocoaPods installation.\" >&2\n    exit 1\nfi\n# This output is used by Xcode 'outputs' to avoid re-running this script phase.\necho \"SUCCESS\" > \"${SCRIPT_OUTPUT_FILE_0}\"\n";
			showEnvVarsInLog = 0;
		};
		C863BB16232E6E7D814EB124 /* [CP] Embed Pods Frameworks */ = {
			isa = PBXShellScriptBuildPhase;
			buildActionMask = 2147483647;
			files = (
			);
			inputPaths = (
				"${SRCROOT}/Pods/Target Support Files/Pods-PokeRadar/Pods-PokeRadar-frameworks.sh",
				"${BUILT_PRODUCTS_DIR}/AFNetworking/AFNetworking.framework",
				"${BUILT_PRODUCTS_DIR}/GoogleUtilities/GoogleUtilities.framework",
				"${BUILT_PRODUCTS_DIR}/leveldb-library/leveldb.framework",
				"${BUILT_PRODUCTS_DIR}/nanopb/nanopb.framework",
			);
			name = "[CP] Embed Pods Frameworks";
			outputPaths = (
				"${TARGET_BUILD_DIR}/${FRAMEWORKS_FOLDER_PATH}/AFNetworking.framework",
				"${TARGET_BUILD_DIR}/${FRAMEWORKS_FOLDER_PATH}/GoogleUtilities.framework",
				"${TARGET_BUILD_DIR}/${FRAMEWORKS_FOLDER_PATH}/leveldb.framework",
				"${TARGET_BUILD_DIR}/${FRAMEWORKS_FOLDER_PATH}/nanopb.framework",
			);
			runOnlyForDeploymentPostprocessing = 0;
			shellPath = /bin/sh;
			shellScript = "\"${SRCROOT}/Pods/Target Support Files/Pods-PokeRadar/Pods-PokeRadar-frameworks.sh\"\n";
			showEnvVarsInLog = 0;
		};
/* End PBXShellScriptBuildPhase section */

/* Begin PBXSourcesBuildPhase section */
		36DE731E218B5EDB0029108E /* Sources */ = {
			isa = PBXSourcesBuildPhase;
			buildActionMask = 2147483647;
			files = (
				364A362521C01A8000C7BAE0 /* PokemonFactory.swift in Sources */,
				36DE7328218B5EDB0029108E /* ViewController.swift in Sources */,
				36DE7326218B5EDB0029108E /* AppDelegate.swift in Sources */,
				364B44CA21C279410042386C /* PokemonCollectionViewCell.swift in Sources */,
				364B44C821C277FA0042386C /* PokedexCollectionViewController.swift in Sources */,
				3647029F21C1207F00A7A242 /* PokemonAnnotation.swift in Sources */,
				364A362321C00C1F00C7BAE0 /* Pokemon.swift in Sources */,
			);
			runOnlyForDeploymentPostprocessing = 0;
		};
/* End PBXSourcesBuildPhase section */

/* Begin PBXVariantGroup section */
		36DE7329218B5EDB0029108E /* Main.storyboard */ = {
			isa = PBXVariantGroup;
			children = (
				36DE732A218B5EDB0029108E /* Base */,
			);
			name = Main.storyboard;
			sourceTree = "<group>";
		};
		36DE732E218B5EDD0029108E /* LaunchScreen.storyboard */ = {
			isa = PBXVariantGroup;
			children = (
				36DE732F218B5EDD0029108E /* Base */,
			);
			name = LaunchScreen.storyboard;
			sourceTree = "<group>";
		};
/* End PBXVariantGroup section */

/* Begin XCBuildConfiguration section */
		36DE7332218B5EDD0029108E /* Debug */ = {
			isa = XCBuildConfiguration;
			buildSettings = {
				ALWAYS_SEARCH_USER_PATHS = NO;
				CLANG_ANALYZER_NONNULL = YES;
				CLANG_ANALYZER_NUMBER_OBJECT_CONVERSION = YES_AGGRESSIVE;
				CLANG_CXX_LANGUAGE_STANDARD = "gnu++14";
				CLANG_CXX_LIBRARY = "libc++";
				CLANG_ENABLE_MODULES = YES;
				CLANG_ENABLE_OBJC_ARC = YES;
				CLANG_ENABLE_OBJC_WEAK = YES;
				CLANG_WARN_BLOCK_CAPTURE_AUTORELEASING = YES;
				CLANG_WARN_BOOL_CONVERSION = YES;
				CLANG_WARN_COMMA = YES;
				CLANG_WARN_CONSTANT_CONVERSION = YES;
				CLANG_WARN_DEPRECATED_OBJC_IMPLEMENTATIONS = YES;
				CLANG_WARN_DIRECT_OBJC_ISA_USAGE = YES_ERROR;
				CLANG_WARN_DOCUMENTATION_COMMENTS = YES;
				CLANG_WARN_EMPTY_BODY = YES;
				CLANG_WARN_ENUM_CONVERSION = YES;
				CLANG_WARN_INFINITE_RECURSION = YES;
				CLANG_WARN_INT_CONVERSION = YES;
				CLANG_WARN_NON_LITERAL_NULL_CONVERSION = YES;
				CLANG_WARN_OBJC_IMPLICIT_RETAIN_SELF = YES;
				CLANG_WARN_OBJC_LITERAL_CONVERSION = YES;
				CLANG_WARN_OBJC_ROOT_CLASS = YES_ERROR;
				CLANG_WARN_RANGE_LOOP_ANALYSIS = YES;
				CLANG_WARN_STRICT_PROTOTYPES = YES;
				CLANG_WARN_SUSPICIOUS_MOVE = YES;
				CLANG_WARN_UNGUARDED_AVAILABILITY = YES_AGGRESSIVE;
				CLANG_WARN_UNREACHABLE_CODE = YES;
				CLANG_WARN__DUPLICATE_METHOD_MATCH = YES;
				CODE_SIGN_IDENTITY = "iPhone Developer";
				COPY_PHASE_STRIP = NO;
				DEBUG_INFORMATION_FORMAT = dwarf;
				ENABLE_STRICT_OBJC_MSGSEND = YES;
				ENABLE_TESTABILITY = YES;
				GCC_C_LANGUAGE_STANDARD = gnu11;
				GCC_DYNAMIC_NO_PIC = NO;
				GCC_NO_COMMON_BLOCKS = YES;
				GCC_OPTIMIZATION_LEVEL = 0;
				GCC_PREPROCESSOR_DEFINITIONS = (
					"DEBUG=1",
					"$(inherited)",
				);
				GCC_WARN_64_TO_32_BIT_CONVERSION = YES;
				GCC_WARN_ABOUT_RETURN_TYPE = YES_ERROR;
				GCC_WARN_UNDECLARED_SELECTOR = YES;
				GCC_WARN_UNINITIALIZED_AUTOS = YES_AGGRESSIVE;
				GCC_WARN_UNUSED_FUNCTION = YES;
				GCC_WARN_UNUSED_VARIABLE = YES;
				IPHONEOS_DEPLOYMENT_TARGET = 12.0;
				MTL_ENABLE_DEBUG_INFO = INCLUDE_SOURCE;
				MTL_FAST_MATH = YES;
				ONLY_ACTIVE_ARCH = YES;
				SDKROOT = iphoneos;
				SWIFT_ACTIVE_COMPILATION_CONDITIONS = DEBUG;
				SWIFT_OPTIMIZATION_LEVEL = "-Onone";
			};
			name = Debug;
		};
		36DE7333218B5EDD0029108E /* Release */ = {
			isa = XCBuildConfiguration;
			buildSettings = {
				ALWAYS_SEARCH_USER_PATHS = NO;
				CLANG_ANALYZER_NONNULL = YES;
				CLANG_ANALYZER_NUMBER_OBJECT_CONVERSION = YES_AGGRESSIVE;
				CLANG_CXX_LANGUAGE_STANDARD = "gnu++14";
				CLANG_CXX_LIBRARY = "libc++";
				CLANG_ENABLE_MODULES = YES;
				CLANG_ENABLE_OBJC_ARC = YES;
				CLANG_ENABLE_OBJC_WEAK = YES;
				CLANG_WARN_BLOCK_CAPTURE_AUTORELEASING = YES;
				CLANG_WARN_BOOL_CONVERSION = YES;
				CLANG_WARN_COMMA = YES;
				CLANG_WARN_CONSTANT_CONVERSION = YES;
				CLANG_WARN_DEPRECATED_OBJC_IMPLEMENTATIONS = YES;
				CLANG_WARN_DIRECT_OBJC_ISA_USAGE = YES_ERROR;
				CLANG_WARN_DOCUMENTATION_COMMENTS = YES;
				CLANG_WARN_EMPTY_BODY = YES;
				CLANG_WARN_ENUM_CONVERSION = YES;
				CLANG_WARN_INFINITE_RECURSION = YES;
				CLANG_WARN_INT_CONVERSION = YES;
				CLANG_WARN_NON_LITERAL_NULL_CONVERSION = YES;
				CLANG_WARN_OBJC_IMPLICIT_RETAIN_SELF = YES;
				CLANG_WARN_OBJC_LITERAL_CONVERSION = YES;
				CLANG_WARN_OBJC_ROOT_CLASS = YES_ERROR;
				CLANG_WARN_RANGE_LOOP_ANALYSIS = YES;
				CLANG_WARN_STRICT_PROTOTYPES = YES;
				CLANG_WARN_SUSPICIOUS_MOVE = YES;
				CLANG_WARN_UNGUARDED_AVAILABILITY = YES_AGGRESSIVE;
				CLANG_WARN_UNREACHABLE_CODE = YES;
				CLANG_WARN__DUPLICATE_METHOD_MATCH = YES;
				CODE_SIGN_IDENTITY = "iPhone Developer";
				COPY_PHASE_STRIP = NO;
				DEBUG_INFORMATION_FORMAT = "dwarf-with-dsym";
				ENABLE_NS_ASSERTIONS = NO;
				ENABLE_STRICT_OBJC_MSGSEND = YES;
				GCC_C_LANGUAGE_STANDARD = gnu11;
				GCC_NO_COMMON_BLOCKS = YES;
				GCC_WARN_64_TO_32_BIT_CONVERSION = YES;
				GCC_WARN_ABOUT_RETURN_TYPE = YES_ERROR;
				GCC_WARN_UNDECLARED_SELECTOR = YES;
				GCC_WARN_UNINITIALIZED_AUTOS = YES_AGGRESSIVE;
				GCC_WARN_UNUSED_FUNCTION = YES;
				GCC_WARN_UNUSED_VARIABLE = YES;
				IPHONEOS_DEPLOYMENT_TARGET = 12.0;
				MTL_ENABLE_DEBUG_INFO = NO;
				MTL_FAST_MATH = YES;
				SDKROOT = iphoneos;
				SWIFT_COMPILATION_MODE = wholemodule;
				SWIFT_OPTIMIZATION_LEVEL = "-O";
				VALIDATE_PRODUCT = YES;
			};
			name = Release;
		};
		36DE7335218B5EDD0029108E /* Debug */ = {
			isa = XCBuildConfiguration;
			baseConfigurationReference = 585201C116A0B62488BB1522 /* Pods-PokeRadar.debug.xcconfig */;
			buildSettings = {
				ASSETCATALOG_COMPILER_APPICON_NAME = AppIcon;
				CODE_SIGN_STYLE = Automatic;
				DEVELOPMENT_TEAM = 347CFEP3N9;
				INFOPLIST_FILE = PokeRadar/Info.plist;
				LD_RUNPATH_SEARCH_PATHS = (
					"$(inherited)",
					"@executable_path/Frameworks",
				);
				PRODUCT_BUNDLE_IDENTIFIER = com.cristiansedano.PokeRadar;
				PRODUCT_NAME = "$(TARGET_NAME)";
				SWIFT_OBJC_BRIDGING_HEADER = "";
				SWIFT_VERSION = 4.2;
				TARGETED_DEVICE_FAMILY = "1,2";
			};
			name = Debug;
		};
		36DE7336218B5EDD0029108E /* Release */ = {
			isa = XCBuildConfiguration;
			baseConfigurationReference = DD84BDFD5EA2B486963851E4 /* Pods-PokeRadar.release.xcconfig */;
			buildSettings = {
				ASSETCATALOG_COMPILER_APPICON_NAME = AppIcon;
				CODE_SIGN_STYLE = Automatic;
				DEVELOPMENT_TEAM = 347CFEP3N9;
				INFOPLIST_FILE = PokeRadar/Info.plist;
				LD_RUNPATH_SEARCH_PATHS = (
					"$(inherited)",
					"@executable_path/Frameworks",
				);
				PRODUCT_BUNDLE_IDENTIFIER = com.cristiansedano.PokeRadar;
				PRODUCT_NAME = "$(TARGET_NAME)";
				SWIFT_OBJC_BRIDGING_HEADER = "";
				SWIFT_VERSION = 4.2;
				TARGETED_DEVICE_FAMILY = "1,2";
			};
			name = Release;
		};
/* End XCBuildConfiguration section */

/* Begin XCConfigurationList section */
		36DE731D218B5EDB0029108E /* Build configuration list for PBXProject "PokeRadar" */ = {
			isa = XCConfigurationList;
			buildConfigurations = (
				36DE7332218B5EDD0029108E /* Debug */,
				36DE7333218B5EDD0029108E /* Release */,
			);
			defaultConfigurationIsVisible = 0;
			defaultConfigurationName = Release;
		};
		36DE7334218B5EDD0029108E /* Build configuration list for PBXNativeTarget "PokeRadar" */ = {
			isa = XCConfigurationList;
			buildConfigurations = (
				36DE7335218B5EDD0029108E /* Debug */,
				36DE7336218B5EDD0029108E /* Release */,
			);
			defaultConfigurationIsVisible = 0;
			defaultConfigurationName = Release;
		};
/* End XCConfigurationList section */
	};
	rootObject = 36DE731A218B5EDB0029108E /* Project object */;
}
